
Microsoft Visual Studio Solution File, Format Version 12.00
# Visual Studio Version 16
VisualStudioVersion = 16.0.29521.150
MinimumVisualStudioVersion = 10.0.40219.1
Project("{8BC9CEB8-8B4A-11D0-8D11-00A0C91BC942}") = "UE4-Math", "UE4-Math\UE4-Math.vcxproj", "{418EA393-5364-4AF8-ABC4-E0F9039EB9E2}"
EndProject
Global
	GlobalSection(SolutionConfigurationPlatforms) = preSolution
		Debug|x64 = Debug|x64
		Debug|x86 = Debug|x86
		Release|x64 = Release|x64
		Release|x86 = Release|x86
	EndGlobalSection
	GlobalSection(ProjectConfigurationPlatforms) = postSolution
		{418EA393-5364-4AF8-ABC4-E0F9039EB9E2}.Debug|x64.ActiveCfg = Debug|x64
		{418EA393-5364-4AF8-ABC4-E0F9039EB9E2}.Debug|x64.Build.0 = Debug|x64
		{418EA393-5364-4AF8-ABC4-E0F9039EB9E2}.Debug|x86.ActiveCfg = Debug|Win32
		{418EA393-5364-4AF8-ABC4-E0F9039EB9E2}.Debug|x86.Build.0 = Debug|Win32
		{418EA393-5364-4AF8-ABC4-E0F9039EB9E2}.Release|x64.ActiveCfg = Release|x64
		{418EA393-5364-4AF8-ABC4-E0F9039EB9E2}.Release|x64.Build.0 = Release|x64
		{418EA393-5364-4AF8-ABC4-E0F9039EB9E2}.Release|x86.ActiveCfg = Release|Win32
		{418EA393-5364-4AF8-ABC4-E0F9039EB9E2}.Release|x86.Build.0 = Release|Win32
	EndGlobalSection
	GlobalSection(SolutionProperties) = preSolution
		HideSolutionNode = FALSE
	EndGlobalSection
	GlobalSection(ExtensibilityGlobals) = postSolution
		SolutionGuid = {3D465BC3-9B12-4F18-B2DE-D5584DBE024E}
	EndGlobalSection
EndGlobal
