<?xml version="1.0" encoding="utf-8"?>
<Project ToolsVersion="4.0" xmlns="http://schemas.microsoft.com/developer/msbuild/2003">
  <ItemGroup>
    <Filter Include="Source Files">
      <UniqueIdentifier>{4FC737F1-C7A5-4376-A066-2A32D752A2FF}</UniqueIdentifier>
      <Extensions>cpp;c;cc;cxx;c++;def;odl;idl;hpj;bat;asm;asmx</Extensions>
    </Filter>
    <Filter Include="Header Files">
      <UniqueIdentifier>{93995380-89BD-4b04-88EB-625FBE52EBFB}</UniqueIdentifier>
      <Extensions>h;hh;hpp;hxx;h++;hm;inl;inc;ipp;xsd</Extensions>
    </Filter>
    <Filter Include="Resource Files">
      <UniqueIdentifier>{67DA6AB6-F800-4c08-8B7A-83BB121AAD01}</UniqueIdentifier>
      <Extensions>rc;ico;cur;bmp;dlg;rc2;rct;bin;rgs;gif;jpg;jpeg;jpe;resx;tiff;tif;png;wav;mfcribbon-ms</Extensions>
    </Filter>
    <Filter Include="Math">
      <UniqueIdentifier>{cd550c54-1d9e-4a48-b582-cef07952d6b6}</UniqueIdentifier>
    </Filter>
    <Filter Include="Platform">
      <UniqueIdentifier>{05ea1f8e-81cd-48ae-8f9c-7fa199d434f0}</UniqueIdentifier>
    </Filter>
    <Filter Include="Misc">
      <UniqueIdentifier>{4f544844-f717-4181-b36a-85fa4d4ca00a}</UniqueIdentifier>
    </Filter>
    <Filter Include="Containers">
      <UniqueIdentifier>{66e4c831-7153-4198-bba4-8feae9f18b56}</UniqueIdentifier>
    </Filter>
  </ItemGroup>
  <ItemGroup>
    <ClCompile Include="UE4-Math.cpp">
      <Filter>Source Files</Filter>
    </ClCompile>
    <ClCompile Include="Math\UnrealMath.cpp">
      <Filter>Math</Filter>
    </ClCompile>
  </ItemGroup>
  <ItemGroup>
    <ClInclude Include="Math\Matrix.h">
      <Filter>Math</Filter>
    </ClInclude>
    <ClInclude Include="Math\Plane.h">
      <Filter>Math</Filter>
    </ClInclude>
    <ClInclude Include="Math\Quat.h">
      <Filter>Math</Filter>
    </ClInclude>
    <ClInclude Include="Math\Rotator.h">
      <Filter>Math</Filter>
    </ClInclude>
    <ClInclude Include="Math\UnrealMathUtility.h">
      <Filter>Math</Filter>
    </ClInclude>
    <ClInclude Include="Math\Vector.h">
      <Filter>Math</Filter>
    </ClInclude>
    <ClInclude Include="Math\Vector2D.h">
      <Filter>Math</Filter>
    </ClInclude>
    <ClInclude Include="Math\Vector2DHalf.h">
      <Filter>Math</Filter>
    </ClInclude>
    <ClInclude Include="Math\Vector4.h">
      <Filter>Math</Filter>
    </ClInclude>
    <ClInclude Include="Math\VectorRegister.h">
      <Filter>Math</Filter>
    </ClInclude>
    <ClInclude Include="Math\Axis.h">
      <Filter>Math</Filter>
    </ClInclude>
    <ClInclude Include="Math\IntPoint.h">
      <Filter>Math</Filter>
    </ClInclude>
    <ClInclude Include="GenericPlatform\GenericPlatformMath.h">
      <Filter>Platform</Filter>
    </ClInclude>
    <ClInclude Include="Windows\WindowsPlatformMath.h">
      <Filter>Platform</Filter>
    </ClInclude>
    <ClInclude Include="Misc\CoreMiscDefines.h">
      <Filter>Misc</Filter>
    </ClInclude>
    <ClInclude Include="Math\Color.h">
      <Filter>Math</Filter>
    </ClInclude>
    <ClInclude Include="Math\IntVector.h">
      <Filter>Math</Filter>
    </ClInclude>
    <ClInclude Include="Math\NumericLimits.h">
      <Filter>Math</Filter>
    </ClInclude>
    <ClInclude Include="Math\UnrealMathVectorCommon.h">
      <Filter>Math</Filter>
    </ClInclude>
    <ClInclude Include="Math\UnrealMathVectorConstants.h">
      <Filter>Math</Filter>
    </ClInclude>
    <ClInclude Include="Math\UnrealMath.h">
      <Filter>Math</Filter>
    </ClInclude>
    <ClInclude Include="Math\RotationMatrix.h">
      <Filter>Math</Filter>
    </ClInclude>
    <ClInclude Include="Math\RotationTranslationMatrix.h">
      <Filter>Math</Filter>
    </ClInclude>
    <ClInclude Include="Math\RotationAboutPointMatrix.h">
      <Filter>Math</Filter>
    </ClInclude>
    <ClInclude Include="Math\QuatRotationTranslationMatrix.h">
      <Filter>Math</Filter>
    </ClInclude>
    <ClInclude Include="Math\Box.h">
      <Filter>Math</Filter>
    </ClInclude>
    <ClInclude Include="Math\InterpCurvePoint.h">
      <Filter>Math</Filter>
    </ClInclude>
    <ClInclude Include="Math\TwoVectors.h">
      <Filter>Math</Filter>
    </ClInclude>
    <ClInclude Include="Math\IntRect.h">
      <Filter>Math</Filter>
    </ClInclude>
  </ItemGroup>
</Project>